
Microsoft Visual Studio Solution File, Format Version 12.00
# Visual Studio Version 17
VisualStudioVersion = 17.0.31903.59
MinimumVisualStudioVersion = 10.0.40219.1
Project("{2150E333-8FDC-42A3-9474-1A3956D46DE8}") = "Services", "Services", "{49C1D117-07E8-45EB-B5C4-47550E67341B}"
EndProject
Project("{2150E333-8FDC-42A3-9474-1A3956D46DE8}") = "Identity", "Identity", "{4D4B0294-FA26-4C07-8344-0BF76A7C46C1}"
EndProject
Project("{FAE04EC0-301F-11D3-BF4B-00C04F79EFBC}") = "Identity.API", "Services\Identity\Identity.API\Identity.API.csproj", "{8D64970A-DF5B-4ED1-BC05-30D10F074618}"
EndProject
Project("{FAE04EC0-301F-11D3-BF4B-00C04F79EFBC}") = "HangFireServer", "Services\HangFireServer\HangFireServer.csproj", "{9C1FDC61-D7FA-42AC-8C0B-332E1AD7C2DD}"
EndProject
Project("{2150E333-8FDC-42A3-9474-1A3956D46DE8}") = "Portal", "Portal", "{FD6C08FD-39B1-4B4C-A2A8-0324F71D3099}"
EndProject
Project("{FAE04EC0-301F-11D3-BF4B-00C04F79EFBC}") = "Portal.API", "Services\Portal\Portal.API\Portal.API.csproj", "{73663111-CECE-46C7-83E3-67031C4B321B}"
EndProject
Project("{2150E333-8FDC-42A3-9474-1A3956D46DE8}") = "Libraries", "Libraries", "{CD085DB0-D4AE-416A-964F-C9BD710A6A84}"
EndProject
Project("{FAE04EC0-301F-11D3-BF4B-00C04F79EFBC}") = "Common", "Libraries\Common\Common.csproj", "{4522F3CD-5F5C-4425-85EF-397C9C7FFDF0}"
EndProject
Project("{FAE04EC0-301F-11D3-BF4B-00C04F79EFBC}") = "EmailHelper", "Libraries\EmailHelper\EmailHelper.csproj", "{63714190-FB9F-427C-8522-7FCCF0AD9E1E}"
EndProject
Project("{FAE04EC0-301F-11D3-BF4B-00C04F79EFBC}") = "Identity.Infrastructure", "Services\Identity\Identity.Infrastructure\Identity.Infrastructure.csproj", "{1DF45AA2-BE2E-4B4E-878C-83378C1D2175}"
EndProject
Project("{FAE04EC0-301F-11D3-BF4B-00C04F79EFBC}") = "Identity.Domain", "Services\Identity\Identity.Domain\Identity.Domain.csproj", "{F0F9C975-EB66-40FB-82E0-14D66C304827}"
EndProject
Project("{FAE04EC0-301F-11D3-BF4B-00C04F79EFBC}") = "Portal.Infrastructure", "Services\Portal\Portal.Infrastructure\Portal.Infrastructure.csproj", "{E361B623-566A-489C-9DBC-710F6EC7A90C}"
EndProject
Project("{FAE04EC0-301F-11D3-BF4B-00C04F79EFBC}") = "Portal.Domain", "Services\Portal\Portal.Domain\Portal.Domain.csproj", "{93671697-142B-49DE-91D7-C4BD441FA9B3}"
EndProject
Global
	GlobalSection(SolutionConfigurationPlatforms) = preSolution
		Debug|Any CPU = Debug|Any CPU
		Release|Any CPU = Release|Any CPU
	EndGlobalSection
	GlobalSection(SolutionProperties) = preSolution
		HideSolutionNode = FALSE
	EndGlobalSection
	GlobalSection(ProjectConfigurationPlatforms) = postSolution
		{8D64970A-DF5B-4ED1-BC05-30D10F074618}.Debug|Any CPU.ActiveCfg = Debug|Any CPU
		{8D64970A-DF5B-4ED1-BC05-30D10F074618}.Debug|Any CPU.Build.0 = Debug|Any CPU
		{8D64970A-DF5B-4ED1-BC05-30D10F074618}.Release|Any CPU.ActiveCfg = Release|Any CPU
		{8D64970A-DF5B-4ED1-BC05-30D10F074618}.Release|Any CPU.Build.0 = Release|Any CPU
		{9C1FDC61-D7FA-42AC-8C0B-332E1AD7C2DD}.Debug|Any CPU.ActiveCfg = Debug|Any CPU
		{9C1FDC61-D7FA-42AC-8C0B-332E1AD7C2DD}.Debug|Any CPU.Build.0 = Debug|Any CPU
		{9C1FDC61-D7FA-42AC-8C0B-332E1AD7C2DD}.Release|Any CPU.ActiveCfg = Release|Any CPU
		{9C1FDC61-D7FA-42AC-8C0B-332E1AD7C2DD}.Release|Any CPU.Build.0 = Release|Any CPU
		{73663111-CECE-46C7-83E3-67031C4B321B}.Debug|Any CPU.ActiveCfg = Debug|Any CPU
		{73663111-CECE-46C7-83E3-67031C4B321B}.Debug|Any CPU.Build.0 = Debug|Any CPU
		{73663111-CECE-46C7-83E3-67031C4B321B}.Release|Any CPU.ActiveCfg = Release|Any CPU
		{73663111-CECE-46C7-83E3-67031C4B321B}.Release|Any CPU.Build.0 = Release|Any CPU
		{4522F3CD-5F5C-4425-85EF-397C9C7FFDF0}.Debug|Any CPU.ActiveCfg = Debug|Any CPU
		{4522F3CD-5F5C-4425-85EF-397C9C7FFDF0}.Debug|Any CPU.Build.0 = Debug|Any CPU
		{4522F3CD-5F5C-4425-85EF-397C9C7FFDF0}.Release|Any CPU.ActiveCfg = Release|Any CPU
		{4522F3CD-5F5C-4425-85EF-397C9C7FFDF0}.Release|Any CPU.Build.0 = Release|Any CPU
		{63714190-FB9F-427C-8522-7FCCF0AD9E1E}.Debug|Any CPU.ActiveCfg = Debug|Any CPU
		{63714190-FB9F-427C-8522-7FCCF0AD9E1E}.Debug|Any CPU.Build.0 = Debug|Any CPU
		{63714190-FB9F-427C-8522-7FCCF0AD9E1E}.Release|Any CPU.ActiveCfg = Release|Any CPU
		{63714190-FB9F-427C-8522-7FCCF0AD9E1E}.Release|Any CPU.Build.0 = Release|Any CPU
		{1DF45AA2-BE2E-4B4E-878C-83378C1D2175}.Debug|Any CPU.ActiveCfg = Debug|Any CPU
		{1DF45AA2-BE2E-4B4E-878C-83378C1D2175}.Debug|Any CPU.Build.0 = Debug|Any CPU
		{1DF45AA2-BE2E-4B4E-878C-83378C1D2175}.Release|Any CPU.ActiveCfg = Release|Any CPU
		{1DF45AA2-BE2E-4B4E-878C-83378C1D2175}.Release|Any CPU.Build.0 = Release|Any CPU
		{F0F9C975-EB66-40FB-82E0-14D66C304827}.Debug|Any CPU.ActiveCfg = Debug|Any CPU
		{F0F9C975-EB66-40FB-82E0-14D66C304827}.Debug|Any CPU.Build.0 = Debug|Any CPU
		{F0F9C975-EB66-40FB-82E0-14D66C304827}.Release|Any CPU.ActiveCfg = Release|Any CPU
		{F0F9C975-EB66-40FB-82E0-14D66C304827}.Release|Any CPU.Build.0 = Release|Any CPU
		{E361B623-566A-489C-9DBC-710F6EC7A90C}.Debug|Any CPU.ActiveCfg = Debug|Any CPU
		{E361B623-566A-489C-9DBC-710F6EC7A90C}.Debug|Any CPU.Build.0 = Debug|Any CPU
		{E361B623-566A-489C-9DBC-710F6EC7A90C}.Release|Any CPU.ActiveCfg = Release|Any CPU
		{E361B623-566A-489C-9DBC-710F6EC7A90C}.Release|Any CPU.Build.0 = Release|Any CPU
		{93671697-142B-49DE-91D7-C4BD441FA9B3}.Debug|Any CPU.ActiveCfg = Debug|Any CPU
		{93671697-142B-49DE-91D7-C4BD441FA9B3}.Debug|Any CPU.Build.0 = Debug|Any CPU
		{93671697-142B-49DE-91D7-C4BD441FA9B3}.Release|Any CPU.ActiveCfg = Release|Any CPU
		{93671697-142B-49DE-91D7-C4BD441FA9B3}.Release|Any CPU.Build.0 = Release|Any CPU
	EndGlobalSection
	GlobalSection(NestedProjects) = preSolution
		{4D4B0294-FA26-4C07-8344-0BF76A7C46C1} = {49C1D117-07E8-45EB-B5C4-47550E67341B}
		{8D64970A-DF5B-4ED1-BC05-30D10F074618} = {4D4B0294-FA26-4C07-8344-0BF76A7C46C1}
		{9C1FDC61-D7FA-42AC-8C0B-332E1AD7C2DD} = {49C1D117-07E8-45EB-B5C4-47550E67341B}
		{FD6C08FD-39B1-4B4C-A2A8-0324F71D3099} = {49C1D117-07E8-45EB-B5C4-47550E67341B}
		{73663111-CECE-46C7-83E3-67031C4B321B} = {FD6C08FD-39B1-4B4C-A2A8-0324F71D3099}
		{4522F3CD-5F5C-4425-85EF-397C9C7FFDF0} = {CD085DB0-D4AE-416A-964F-C9BD710A6A84}
		{63714190-FB9F-427C-8522-7FCCF0AD9E1E} = {CD085DB0-D4AE-416A-964F-C9BD710A6A84}
		{1DF45AA2-BE2E-4B4E-878C-83378C1D2175} = {4D4B0294-FA26-4C07-8344-0BF76A7C46C1}
		{F0F9C975-EB66-40FB-82E0-14D66C304827} = {4D4B0294-FA26-4C07-8344-0BF76A7C46C1}
		{E361B623-566A-489C-9DBC-710F6EC7A90C} = {FD6C08FD-39B1-4B4C-A2A8-0324F71D3099}
		{93671697-142B-49DE-91D7-C4BD441FA9B3} = {FD6C08FD-39B1-4B4C-A2A8-0324F71D3099}
	EndGlobalSection
EndGlobal
